
Microsoft Visual Studio Solution File, Format Version 11.00
# Visual Studio 2010
Project("{FAE04EC0-301F-11D3-BF4B-00C04F79EFBC}") = "LuckyDraw", "LuckyDraw\LuckyDraw.csproj", "{2CE9FA6F-999B-4760-8BFC-69C76913D23F}"
	ProjectSection(ProjectDependencies) = postProject
		{CD8A9C55-ECCB-4FC8-A895-EEB3BEE36395} = {CD8A9C55-ECCB-4FC8-A895-EEB3BEE36395}
	EndProjectSection
EndProject
Project("{FAE04EC0-301F-11D3-BF4B-00C04F79EFBC}") = "LuckyDraw.Web", "LuckyDraw.Web\LuckyDraw.Web.csproj", "{CD8A9C55-ECCB-4FC8-A895-EEB3BEE36395}"
EndProject
Global
	GlobalSection(SolutionConfigurationPlatforms) = preSolution
		Debug|Any CPU = Debug|Any CPU
		Debug|Mixed Platforms = Debug|Mixed Platforms
		Debug|x86 = Debug|x86
		Release|Any CPU = Release|Any CPU
		Release|Mixed Platforms = Release|Mixed Platforms
		Release|x86 = Release|x86
	EndGlobalSection
	GlobalSection(ProjectConfigurationPlatforms) = postSolution
		{2CE9FA6F-999B-4760-8BFC-69C76913D23F}.Debug|Any CPU.ActiveCfg = Debug|Any CPU
		{2CE9FA6F-999B-4760-8BFC-69C76913D23F}.Debug|Any CPU.Build.0 = Debug|Any CPU
		{2CE9FA6F-999B-4760-8BFC-69C76913D23F}.Debug|Mixed Platforms.ActiveCfg = Debug|Any CPU
		{2CE9FA6F-999B-4760-8BFC-69C76913D23F}.Debug|Mixed Platforms.Build.0 = Debug|Any CPU
		{2CE9FA6F-999B-4760-8BFC-69C76913D23F}.Debug|x86.ActiveCfg = Debug|Any CPU
		{2CE9FA6F-999B-4760-8BFC-69C76913D23F}.Release|Any CPU.ActiveCfg = Release|Any CPU
		{2CE9FA6F-999B-4760-8BFC-69C76913D23F}.Release|Any CPU.Build.0 = Release|Any CPU
		{2CE9FA6F-999B-4760-8BFC-69C76913D23F}.Release|Mixed Platforms.ActiveCfg = Release|Any CPU
		{2CE9FA6F-999B-4760-8BFC-69C76913D23F}.Release|Mixed Platforms.Build.0 = Release|Any CPU
		{2CE9FA6F-999B-4760-8BFC-69C76913D23F}.Release|x86.ActiveCfg = Release|Any CPU
		{CD8A9C55-ECCB-4FC8-A895-EEB3BEE36395}.Debug|Any CPU.ActiveCfg = Debug|Any CPU
		{CD8A9C55-ECCB-4FC8-A895-EEB3BEE36395}.Debug|Any CPU.Build.0 = Debug|Any CPU
		{CD8A9C55-ECCB-4FC8-A895-EEB3BEE36395}.Debug|Mixed Platforms.ActiveCfg = Debug|Any CPU
		{CD8A9C55-ECCB-4FC8-A895-EEB3BEE36395}.Debug|Mixed Platforms.Build.0 = Debug|Any CPU
		{CD8A9C55-ECCB-4FC8-A895-EEB3BEE36395}.Debug|x86.ActiveCfg = Debug|Any CPU
		{CD8A9C55-ECCB-4FC8-A895-EEB3BEE36395}.Release|Any CPU.ActiveCfg = Release|Any CPU
		{CD8A9C55-ECCB-4FC8-A895-EEB3BEE36395}.Release|Any CPU.Build.0 = Release|Any CPU
		{CD8A9C55-ECCB-4FC8-A895-EEB3BEE36395}.Release|Mixed Platforms.ActiveCfg = Release|Any CPU
		{CD8A9C55-ECCB-4FC8-A895-EEB3BEE36395}.Release|Mixed Platforms.Build.0 = Release|Any CPU
		{CD8A9C55-ECCB-4FC8-A895-EEB3BEE36395}.Release|x86.ActiveCfg = Release|Any CPU
	EndGlobalSection
	GlobalSection(SolutionProperties) = preSolution
		HideSolutionNode = FALSE
	EndGlobalSection
EndGlobal
