
Microsoft Visual Studio Solution File, Format Version 10.00
# Visual Studio 2008
Project("{FAE04EC0-301F-11D3-BF4B-00C04F79EFBC}") = "CustomTextBox", "CustomTextBox\CustomTextBox.csproj", "{DB90DF6D-1653-4707-A873-3C6D7FC0D21D}"
EndProject
Global
	GlobalSection(SolutionConfigurationPlatforms) = preSolution
		Debug|Any CPU = Debug|Any CPU
		Release|Any CPU = Release|Any CPU
	EndGlobalSection
	GlobalSection(ProjectConfigurationPlatforms) = postSolution
		{DB90DF6D-1653-4707-A873-3C6D7FC0D21D}.Debug|Any CPU.ActiveCfg = Debug|Any CPU
		{DB90DF6D-1653-4707-A873-3C6D7FC0D21D}.Debug|Any CPU.Build.0 = Debug|Any CPU
		{DB90DF6D-1653-4707-A873-3C6D7FC0D21D}.Release|Any CPU.ActiveCfg = Release|Any CPU
		{DB90DF6D-1653-4707-A873-3C6D7FC0D21D}.Release|Any CPU.Build.0 = Release|Any CPU
	EndGlobalSection
	GlobalSection(SolutionProperties) = preSolution
		HideSolutionNode = FALSE
	EndGlobalSection
EndGlobal
