
Microsoft Visual Studio Solution File, Format Version 11.00
# Visual Studio 2010
Project("{FAE04EC0-301F-11D3-BF4B-00C04F79EFBC}") = "MarsRover", "MarsRover.csproj", "{BD1EA5BB-2497-4A12-BF33-F476532B7122}"
EndProject
Project("{FAE04EC0-301F-11D3-BF4B-00C04F79EFBC}") = "MarsRover.Test", "..\MarsRover.Test\MarsRover.Test.csproj", "{B397E771-2F25-401E-AF7D-772003A9C97E}"
EndProject
Project("{2150E333-8FDC-42A3-9474-1A3956D46DE8}") = "Solution Items", "Solution Items", "{03D0A971-1AD7-4151-BDCB-710D6ABB21E3}"
	ProjectSection(SolutionItems) = preProject
		Local.testsettings = Local.testsettings
		MarsRover.vsmdi = MarsRover.vsmdi
		TraceAndTestImpact.testsettings = TraceAndTestImpact.testsettings
	EndProjectSection
EndProject
Global
	GlobalSection(TestCaseManagementSettings) = postSolution
		CategoryFile = MarsRover.vsmdi
	EndGlobalSection
	GlobalSection(SolutionConfigurationPlatforms) = preSolution
		Debug|Any CPU = Debug|Any CPU
		Debug|Mixed Platforms = Debug|Mixed Platforms
		Debug|x86 = Debug|x86
		Release|Any CPU = Release|Any CPU
		Release|Mixed Platforms = Release|Mixed Platforms
		Release|x86 = Release|x86
	EndGlobalSection
	GlobalSection(ProjectConfigurationPlatforms) = postSolution
		{BD1EA5BB-2497-4A12-BF33-F476532B7122}.Debug|Any CPU.ActiveCfg = Debug|x86
		{BD1EA5BB-2497-4A12-BF33-F476532B7122}.Debug|Mixed Platforms.ActiveCfg = Debug|x86
		{BD1EA5BB-2497-4A12-BF33-F476532B7122}.Debug|Mixed Platforms.Build.0 = Debug|x86
		{BD1EA5BB-2497-4A12-BF33-F476532B7122}.Debug|x86.ActiveCfg = Debug|x86
		{BD1EA5BB-2497-4A12-BF33-F476532B7122}.Debug|x86.Build.0 = Debug|x86
		{BD1EA5BB-2497-4A12-BF33-F476532B7122}.Release|Any CPU.ActiveCfg = Release|x86
		{BD1EA5BB-2497-4A12-BF33-F476532B7122}.Release|Mixed Platforms.ActiveCfg = Release|x86
		{BD1EA5BB-2497-4A12-BF33-F476532B7122}.Release|Mixed Platforms.Build.0 = Release|x86
		{BD1EA5BB-2497-4A12-BF33-F476532B7122}.Release|x86.ActiveCfg = Release|x86
		{BD1EA5BB-2497-4A12-BF33-F476532B7122}.Release|x86.Build.0 = Release|x86
		{B397E771-2F25-401E-AF7D-772003A9C97E}.Debug|Any CPU.ActiveCfg = Debug|Any CPU
		{B397E771-2F25-401E-AF7D-772003A9C97E}.Debug|Any CPU.Build.0 = Debug|Any CPU
		{B397E771-2F25-401E-AF7D-772003A9C97E}.Debug|Mixed Platforms.ActiveCfg = Debug|Any CPU
		{B397E771-2F25-401E-AF7D-772003A9C97E}.Debug|Mixed Platforms.Build.0 = Debug|Any CPU
		{B397E771-2F25-401E-AF7D-772003A9C97E}.Debug|x86.ActiveCfg = Debug|Any CPU
		{B397E771-2F25-401E-AF7D-772003A9C97E}.Release|Any CPU.ActiveCfg = Release|Any CPU
		{B397E771-2F25-401E-AF7D-772003A9C97E}.Release|Any CPU.Build.0 = Release|Any CPU
		{B397E771-2F25-401E-AF7D-772003A9C97E}.Release|Mixed Platforms.ActiveCfg = Release|Any CPU
		{B397E771-2F25-401E-AF7D-772003A9C97E}.Release|Mixed Platforms.Build.0 = Release|Any CPU
		{B397E771-2F25-401E-AF7D-772003A9C97E}.Release|x86.ActiveCfg = Release|Any CPU
	EndGlobalSection
	GlobalSection(SolutionProperties) = preSolution
		HideSolutionNode = FALSE
	EndGlobalSection
EndGlobal
